
Microsoft Visual Studio Solution File, Format Version 12.00
# Visual Studio Version 16
VisualStudioVersion = 16.0.30717.126
MinimumVisualStudioVersion = 10.0.40219.1
Project("{FAE04EC0-301F-11D3-BF4B-00C04F79EFBC}") = "ContentProvider", "ContentProvider.csproj", "{69C40E90-EDEC-41B5-A07F-6AA9CD5BCA4F}"
EndProject
Global
	GlobalSection(SolutionConfigurationPlatforms) = preSolution
		Debug|Any CPU = Debug|Any CPU
		Release|Any CPU = Release|Any CPU
	EndGlobalSection
	GlobalSection(ProjectConfigurationPlatforms) = postSolution
		{69C40E90-EDEC-41B5-A07F-6AA9CD5BCA4F}.Debug|Any CPU.ActiveCfg = Debug|Any CPU
		{69C40E90-EDEC-41B5-A07F-6AA9CD5BCA4F}.Debug|Any CPU.Build.0 = Debug|Any CPU
		{69C40E90-EDEC-41B5-A07F-6AA9CD5BCA4F}.Release|Any CPU.ActiveCfg = Release|Any CPU
		{69C40E90-EDEC-41B5-A07F-6AA9CD5BCA4F}.Release|Any CPU.Build.0 = Release|Any CPU
	EndGlobalSection
	GlobalSection(SolutionProperties) = preSolution
		HideSolutionNode = FALSE
	EndGlobalSection
	GlobalSection(ExtensibilityGlobals) = postSolution
		SolutionGuid = {12E35E9B-B5F8-4CC1-91F0-E6CED88B3A44}
	EndGlobalSection
EndGlobal
