
Microsoft Visual Studio Solution File, Format Version 12.00
# Visual Studio Version 16
VisualStudioVersion = 16.0.30717.126
MinimumVisualStudioVersion = 10.0.40219.1
Project("{FAE04EC0-301F-11D3-BF4B-00C04F79EFBC}") = "ConversionConfiguration", "ConversionConfiguration.csproj", "{9C352820-EB1E-4C76-8B82-8CE5EB8A765B}"
EndProject
Global
	GlobalSection(SolutionConfigurationPlatforms) = preSolution
		Debug|Any CPU = Debug|Any CPU
		Release|Any CPU = Release|Any CPU
	EndGlobalSection
	GlobalSection(ProjectConfigurationPlatforms) = postSolution
		{9C352820-EB1E-4C76-8B82-8CE5EB8A765B}.Debug|Any CPU.ActiveCfg = Debug|Any CPU
		{9C352820-EB1E-4C76-8B82-8CE5EB8A765B}.Debug|Any CPU.Build.0 = Debug|Any CPU
		{9C352820-EB1E-4C76-8B82-8CE5EB8A765B}.Release|Any CPU.ActiveCfg = Release|Any CPU
		{9C352820-EB1E-4C76-8B82-8CE5EB8A765B}.Release|Any CPU.Build.0 = Release|Any CPU
	EndGlobalSection
	GlobalSection(SolutionProperties) = preSolution
		HideSolutionNode = FALSE
	EndGlobalSection
	GlobalSection(ExtensibilityGlobals) = postSolution
		SolutionGuid = {E03EE264-EB06-48B4-B606-1C9A7BC47065}
	EndGlobalSection
EndGlobal
